
Microsoft Visual Studio Solution File, Format Version 12.00
# Visual Studio 15
VisualStudioVersion = 15.0.28010.2048
MinimumVisualStudioVersion = 10.0.40219.1
Project("{FAE04EC0-301F-11D3-BF4B-00C04F79EFBC}") = "Campfire", "Campfire\Campfire.csproj", "{58614EA4-FBCF-48A6-B31F-4B8076BACD2D}"
EndProject
Global
	GlobalSection(SolutionConfigurationPlatforms) = preSolution
		Debug|Any CPU = Debug|Any CPU
		Release|Any CPU = Release|Any CPU
	EndGlobalSection
	GlobalSection(ProjectConfigurationPlatforms) = postSolution
		{58614EA4-FBCF-48A6-B31F-4B8076BACD2D}.Debug|Any CPU.ActiveCfg = Debug|Any CPU
		{58614EA4-FBCF-48A6-B31F-4B8076BACD2D}.Debug|Any CPU.Build.0 = Debug|Any CPU
		{58614EA4-FBCF-48A6-B31F-4B8076BACD2D}.Release|Any CPU.ActiveCfg = Release|Any CPU
		{58614EA4-FBCF-48A6-B31F-4B8076BACD2D}.Release|Any CPU.Build.0 = Release|Any CPU
	EndGlobalSection
	GlobalSection(SolutionProperties) = preSolution
		HideSolutionNode = FALSE
	EndGlobalSection
	GlobalSection(ExtensibilityGlobals) = postSolution
		SolutionGuid = {51C02146-A6C1-446F-9B0E-78D4F85E9268}
	EndGlobalSection
EndGlobal
